// !$*UTF8*$!
{
	archiveVersion = 1;
	classes = {
	};
	objectVersion = 46;
	objects = {

/* Begin PBXBuildFile section */
		9DD2D06B67783187AA35990F /* libPods.a in Frameworks */ = {isa = PBXBuildFile; fileRef = B8F8DC97D693DF56620BE55B /* libPods.a */; };
		FA5AE52F1C98A01200648B3B /* ArticlePostFetcherTests.m in Sources */ = {isa = PBXBuildFile; fileRef = FA5AE52E1C98A01200648B3B /* ArticlePostFetcherTests.m */; };
		FA5AE5321C98A60100648B3B /* ArticlePostCell.m in Sources */ = {isa = PBXBuildFile; fileRef = FA5AE5311C98A60100648B3B /* ArticlePostCell.m */; };
		FA5AE5341C98ABBE00648B3B /* ArticlePostParsingTests.m in Sources */ = {isa = PBXBuildFile; fileRef = FA5AE5331C98ABBE00648B3B /* ArticlePostParsingTests.m */; };
		FA5AE5371C98AE8900648B3B /* ArticlePostViewController.m in Sources */ = {isa = PBXBuildFile; fileRef = FA5AE5361C98AE8900648B3B /* ArticlePostViewController.m */; };
		FACCFC611C98897D00A882E7 /* main.m in Sources */ = {isa = PBXBuildFile; fileRef = FACCFC601C98897D00A882E7 /* main.m */; };
		FACCFC641C98897D00A882E7 /* AppDelegate.m in Sources */ = {isa = PBXBuildFile; fileRef = FACCFC631C98897D00A882E7 /* AppDelegate.m */; };
		FACCFC6A1C98897D00A882E7 /* Main.storyboard in Resources */ = {isa = PBXBuildFile; fileRef = FACCFC681C98897D00A882E7 /* Main.storyboard */; };
		FACCFC6C1C98897D00A882E7 /* Assets.xcassets in Resources */ = {isa = PBXBuildFile; fileRef = FACCFC6B1C98897D00A882E7 /* Assets.xcassets */; };
		FACCFC6F1C98897D00A882E7 /* LaunchScreen.storyboard in Resources */ = {isa = PBXBuildFile; fileRef = FACCFC6D1C98897D00A882E7 /* LaunchScreen.storyboard */; };
		FACCFC7A1C98897D00A882E7 /* Wash_Post_iOS_SimulationTests.m in Sources */ = {isa = PBXBuildFile; fileRef = FACCFC791C98897D00A882E7 /* Wash_Post_iOS_SimulationTests.m */; };
		FACCFC891C988C6800A882E7 /* ArticlePost.m in Sources */ = {isa = PBXBuildFile; fileRef = FACCFC881C988C6800A882E7 /* ArticlePost.m */; };
		FACCFC8D1C988EBA00A882E7 /* NSDictionary+SLAdditions.m in Sources */ = {isa = PBXBuildFile; fileRef = FACCFC8C1C988EBA00A882E7 /* NSDictionary+SLAdditions.m */; };
		FACCFC941C9897C000A882E7 /* ArticlePostsTableViewController.m in Sources */ = {isa = PBXBuildFile; fileRef = FACCFC931C9897C000A882E7 /* ArticlePostsTableViewController.m */; };
		FACCFC971C98982400A882E7 /* ArticlePostFetcher.m in Sources */ = {isa = PBXBuildFile; fileRef = FACCFC961C98982400A882E7 /* ArticlePostFetcher.m */; };
/* End PBXBuildFile section */

/* Begin PBXContainerItemProxy section */
		FACCFC761C98897D00A882E7 /* PBXContainerItemProxy */ = {
			isa = PBXContainerItemProxy;
			containerPortal = FACCFC541C98897D00A882E7 /* Project object */;
			proxyType = 1;
			remoteGlobalIDString = FACCFC5B1C98897D00A882E7;
			remoteInfo = "Wash Post iOS Simulation";
		};
/* End PBXContainerItemProxy section */

/* Begin PBXFileReference section */
		1C19DFF3A64FAAB7D79F57A9 /* Pods.release.xcconfig */ = {isa = PBXFileReference; includeInIndex = 1; lastKnownFileType = text.xcconfig; name = Pods.release.xcconfig; path = "Pods/Target Support Files/Pods/Pods.release.xcconfig"; sourceTree = "<group>"; };
		B8F8DC97D693DF56620BE55B /* libPods.a */ = {isa = PBXFileReference; explicitFileType = archive.ar; includeInIndex = 0; path = libPods.a; sourceTree = BUILT_PRODUCTS_DIR; };
		C030503CB583BF894CF4C94C /* Pods.debug.xcconfig */ = {isa = PBXFileReference; includeInIndex = 1; lastKnownFileType = text.xcconfig; name = Pods.debug.xcconfig; path = "Pods/Target Support Files/Pods/Pods.debug.xcconfig"; sourceTree = "<group>"; };
		FA5AE52E1C98A01200648B3B /* ArticlePostFetcherTests.m */ = {isa = PBXFileReference; fileEncoding = 4; lastKnownFileType = sourcecode.c.objc; name = ArticlePostFetcherTests.m; path = Classes/ArticlePostFetcherTests.m; sourceTree = "<group>"; };
		FA5AE5301C98A60100648B3B /* ArticlePostCell.h */ = {isa = PBXFileReference; fileEncoding = 4; lastKnownFileType = sourcecode.c.h; name = ArticlePostCell.h; path = Classes/ArticlePostCell.h; sourceTree = "<group>"; };
		FA5AE5311C98A60100648B3B /* ArticlePostCell.m */ = {isa = PBXFileReference; fileEncoding = 4; lastKnownFileType = sourcecode.c.objc; name = ArticlePostCell.m; path = Classes/ArticlePostCell.m; sourceTree = "<group>"; };
		FA5AE5331C98ABBE00648B3B /* ArticlePostParsingTests.m */ = {isa = PBXFileReference; fileEncoding = 4; lastKnownFileType = sourcecode.c.objc; name = ArticlePostParsingTests.m; path = Classes/ArticlePostParsingTests.m; sourceTree = "<group>"; };
		FA5AE5351C98AE8900648B3B /* ArticlePostViewController.h */ = {isa = PBXFileReference; fileEncoding = 4; lastKnownFileType = sourcecode.c.h; name = ArticlePostViewController.h; path = Classes/ArticlePostViewController.h; sourceTree = "<group>"; };
		FA5AE5361C98AE8900648B3B /* ArticlePostViewController.m */ = {isa = PBXFileReference; fileEncoding = 4; lastKnownFileType = sourcecode.c.objc; name = ArticlePostViewController.m; path = Classes/ArticlePostViewController.m; sourceTree = "<group>"; };
		FACCFC5C1C98897D00A882E7 /* Wash Post iOS Simulation.app */ = {isa = PBXFileReference; explicitFileType = wrapper.application; includeInIndex = 0; path = "Wash Post iOS Simulation.app"; sourceTree = BUILT_PRODUCTS_DIR; };
		FACCFC601C98897D00A882E7 /* main.m */ = {isa = PBXFileReference; lastKnownFileType = sourcecode.c.objc; path = main.m; sourceTree = "<group>"; };
		FACCFC621C98897D00A882E7 /* AppDelegate.h */ = {isa = PBXFileReference; lastKnownFileType = sourcecode.c.h; path = AppDelegate.h; sourceTree = "<group>"; };
		FACCFC631C98897D00A882E7 /* AppDelegate.m */ = {isa = PBXFileReference; lastKnownFileType = sourcecode.c.objc; path = AppDelegate.m; sourceTree = "<group>"; };
		FACCFC691C98897D00A882E7 /* Base */ = {isa = PBXFileReference; lastKnownFileType = file.storyboard; name = Base; path = Base.lproj/Main.storyboard; sourceTree = "<group>"; };
		FACCFC6B1C98897D00A882E7 /* Assets.xcassets */ = {isa = PBXFileReference; lastKnownFileType = folder.assetcatalog; path = Assets.xcassets; sourceTree = "<group>"; };
		FACCFC6E1C98897D00A882E7 /* Base */ = {isa = PBXFileReference; lastKnownFileType = file.storyboard; name = Base; path = Base.lproj/LaunchScreen.storyboard; sourceTree = "<group>"; };
		FACCFC701C98897D00A882E7 /* Info.plist */ = {isa = PBXFileReference; lastKnownFileType = text.plist.xml; path = Info.plist; sourceTree = "<group>"; };
		FACCFC751C98897D00A882E7 /* Wash Post iOS SimulationTests.xctest */ = {isa = PBXFileReference; explicitFileType = wrapper.cfbundle; includeInIndex = 0; path = "Wash Post iOS SimulationTests.xctest"; sourceTree = BUILT_PRODUCTS_DIR; };
		FACCFC791C98897D00A882E7 /* Wash_Post_iOS_SimulationTests.m */ = {isa = PBXFileReference; lastKnownFileType = sourcecode.c.objc; path = Wash_Post_iOS_SimulationTests.m; sourceTree = "<group>"; };
		FACCFC7B1C98897D00A882E7 /* Info.plist */ = {isa = PBXFileReference; lastKnownFileType = text.plist.xml; path = Info.plist; sourceTree = "<group>"; };
		FACCFC871C988C6800A882E7 /* ArticlePost.h */ = {isa = PBXFileReference; fileEncoding = 4; lastKnownFileType = sourcecode.c.h; name = ArticlePost.h; path = Classes/ArticlePost.h; sourceTree = "<group>"; };
		FACCFC881C988C6800A882E7 /* ArticlePost.m */ = {isa = PBXFileReference; fileEncoding = 4; lastKnownFileType = sourcecode.c.objc; name = ArticlePost.m; path = Classes/ArticlePost.m; sourceTree = "<group>"; };
		FACCFC8B1C988EBA00A882E7 /* NSDictionary+SLAdditions.h */ = {isa = PBXFileReference; fileEncoding = 4; lastKnownFileType = sourcecode.c.h; name = "NSDictionary+SLAdditions.h"; path = "Classes/NSDictionary+SLAdditions.h"; sourceTree = "<group>"; };
		FACCFC8C1C988EBA00A882E7 /* NSDictionary+SLAdditions.m */ = {isa = PBXFileReference; fileEncoding = 4; lastKnownFileType = sourcecode.c.objc; name = "NSDictionary+SLAdditions.m"; path = "Classes/NSDictionary+SLAdditions.m"; sourceTree = "<group>"; };
		FACCFC921C9897C000A882E7 /* ArticlePostsTableViewController.h */ = {isa = PBXFileReference; fileEncoding = 4; lastKnownFileType = sourcecode.c.h; name = ArticlePostsTableViewController.h; path = Classes/ArticlePostsTableViewController.h; sourceTree = "<group>"; };
		FACCFC931C9897C000A882E7 /* ArticlePostsTableViewController.m */ = {isa = PBXFileReference; fileEncoding = 4; lastKnownFileType = sourcecode.c.objc; name = ArticlePostsTableViewController.m; path = Classes/ArticlePostsTableViewController.m; sourceTree = "<group>"; };
		FACCFC951C98982400A882E7 /* ArticlePostFetcher.h */ = {isa = PBXFileReference; fileEncoding = 4; lastKnownFileType = sourcecode.c.h; name = ArticlePostFetcher.h; path = Classes/ArticlePostFetcher.h; sourceTree = "<group>"; };
		FACCFC961C98982400A882E7 /* ArticlePostFetcher.m */ = {isa = PBXFileReference; fileEncoding = 4; lastKnownFileType = sourcecode.c.objc; name = ArticlePostFetcher.m; path = Classes/ArticlePostFetcher.m; sourceTree = "<group>"; };
/* End PBXFileReference section */

/* Begin PBXFrameworksBuildPhase section */
		FACCFC591C98897D00A882E7 /* Frameworks */ = {
			isa = PBXFrameworksBuildPhase;
			buildActionMask = 2147483647;
			files = (
				9DD2D06B67783187AA35990F /* libPods.a in Frameworks */,
			);
			runOnlyForDeploymentPostprocessing = 0;
		};
		FACCFC721C98897D00A882E7 /* Frameworks */ = {
			isa = PBXFrameworksBuildPhase;
			buildActionMask = 2147483647;
			files = (
			);
			runOnlyForDeploymentPostprocessing = 0;
		};
/* End PBXFrameworksBuildPhase section */

/* Begin PBXGroup section */
		A83F306576016C9B231BC30E /* Frameworks */ = {
			isa = PBXGroup;
			children = (
				B8F8DC97D693DF56620BE55B /* libPods.a */,
			);
			name = Frameworks;
			sourceTree = "<group>";
		};
		C28E65D69798D379B5F88964 /* Pods */ = {
			isa = PBXGroup;
			children = (
				C030503CB583BF894CF4C94C /* Pods.debug.xcconfig */,
				1C19DFF3A64FAAB7D79F57A9 /* Pods.release.xcconfig */,
			);
			name = Pods;
			sourceTree = "<group>";
		};
		FACCFC531C98897D00A882E7 = {
			isa = PBXGroup;
			children = (
				FACCFC5E1C98897D00A882E7 /* Wash Post iOS Simulation */,
				FACCFC781C98897D00A882E7 /* Wash Post iOS SimulationTests */,
				FACCFC5D1C98897D00A882E7 /* Products */,
				C28E65D69798D379B5F88964 /* Pods */,
				A83F306576016C9B231BC30E /* Frameworks */,
			);
			sourceTree = "<group>";
		};
		FACCFC5D1C98897D00A882E7 /* Products */ = {
			isa = PBXGroup;
			children = (
				FACCFC5C1C98897D00A882E7 /* Wash Post iOS Simulation.app */,
				FACCFC751C98897D00A882E7 /* Wash Post iOS SimulationTests.xctest */,
			);
			name = Products;
			sourceTree = "<group>";
		};
		FACCFC5E1C98897D00A882E7 /* Wash Post iOS Simulation */ = {
			isa = PBXGroup;
			children = (
				FACCFC8A1C988E9B00A882E7 /* Categories */,
				FACCFC841C988BE500A882E7 /* Viewing Posts */,
				FACCFC621C98897D00A882E7 /* AppDelegate.h */,
				FACCFC631C98897D00A882E7 /* AppDelegate.m */,
				FACCFC681C98897D00A882E7 /* Main.storyboard */,
				FACCFC6B1C98897D00A882E7 /* Assets.xcassets */,
				FACCFC6D1C98897D00A882E7 /* LaunchScreen.storyboard */,
				FACCFC701C98897D00A882E7 /* Info.plist */,
				FACCFC5F1C98897D00A882E7 /* Supporting Files */,
			);
			path = "Wash Post iOS Simulation";
			sourceTree = "<group>";
		};
		FACCFC5F1C98897D00A882E7 /* Supporting Files */ = {
			isa = PBXGroup;
			children = (
				FACCFC601C98897D00A882E7 /* main.m */,
			);
			name = "Supporting Files";
			sourceTree = "<group>";
		};
		FACCFC781C98897D00A882E7 /* Wash Post iOS SimulationTests */ = {
			isa = PBXGroup;
			children = (
				FACCFC791C98897D00A882E7 /* Wash_Post_iOS_SimulationTests.m */,
				FACCFC7B1C98897D00A882E7 /* Info.plist */,
			);
			path = "Wash Post iOS SimulationTests";
			sourceTree = "<group>";
		};
		FACCFC841C988BE500A882E7 /* Viewing Posts */ = {
			isa = PBXGroup;
			children = (
				FACCFC871C988C6800A882E7 /* ArticlePost.h */,
				FACCFC881C988C6800A882E7 /* ArticlePost.m */,
				FACCFC921C9897C000A882E7 /* ArticlePostsTableViewController.h */,
				FACCFC931C9897C000A882E7 /* ArticlePostsTableViewController.m */,
				FACCFC951C98982400A882E7 /* ArticlePostFetcher.h */,
				FACCFC961C98982400A882E7 /* ArticlePostFetcher.m */,
				FA5AE52E1C98A01200648B3B /* ArticlePostFetcherTests.m */,
				FA5AE5331C98ABBE00648B3B /* ArticlePostParsingTests.m */,
				FA5AE5301C98A60100648B3B /* ArticlePostCell.h */,
				FA5AE5311C98A60100648B3B /* ArticlePostCell.m */,
				FA5AE5351C98AE8900648B3B /* ArticlePostViewController.h */,
				FA5AE5361C98AE8900648B3B /* ArticlePostViewController.m */,
			);
			name = "Viewing Posts";
			sourceTree = "<group>";
		};
		FACCFC8A1C988E9B00A882E7 /* Categories */ = {
			isa = PBXGroup;
			children = (
				FACCFC8B1C988EBA00A882E7 /* NSDictionary+SLAdditions.h */,
				FACCFC8C1C988EBA00A882E7 /* NSDictionary+SLAdditions.m */,
			);
			name = Categories;
			sourceTree = "<group>";
		};
/* End PBXGroup section */

/* Begin PBXNativeTarget section */
		FACCFC5B1C98897D00A882E7 /* Wash Post iOS Simulation */ = {
			isa = PBXNativeTarget;
			buildConfigurationList = FACCFC7E1C98897D00A882E7 /* Build configuration list for PBXNativeTarget "Wash Post iOS Simulation" */;
			buildPhases = (
				D7A76FEC60EAEAB6B5CB11C3 /* Check Pods Manifest.lock */,
				FACCFC581C98897D00A882E7 /* Sources */,
				FACCFC591C98897D00A882E7 /* Frameworks */,
				FACCFC5A1C98897D00A882E7 /* Resources */,
				E2229824006F4594CE145835 /* Embed Pods Frameworks */,
				6DFCB16C0FC901D359470E5B /* Copy Pods Resources */,
			);
			buildRules = (
			);
			dependencies = (
			);
			name = "Wash Post iOS Simulation";
			productName = "Wash Post iOS Simulation";
			productReference = FACCFC5C1C98897D00A882E7 /* Wash Post iOS Simulation.app */;
			productType = "com.apple.product-type.application";
		};
		FACCFC741C98897D00A882E7 /* Wash Post iOS SimulationTests */ = {
			isa = PBXNativeTarget;
			buildConfigurationList = FACCFC811C98897D00A882E7 /* Build configuration list for PBXNativeTarget "Wash Post iOS SimulationTests" */;
			buildPhases = (
				FACCFC711C98897D00A882E7 /* Sources */,
				FACCFC721C98897D00A882E7 /* Frameworks */,
				FACCFC731C98897D00A882E7 /* Resources */,
			);
			buildRules = (
			);
			dependencies = (
				FACCFC771C98897D00A882E7 /* PBXTargetDependency */,
			);
			name = "Wash Post iOS SimulationTests";
			productName = "Wash Post iOS SimulationTests";
			productReference = FACCFC751C98897D00A882E7 /* Wash Post iOS SimulationTests.xctest */;
			productType = "com.apple.product-type.bundle.unit-test";
		};
/* End PBXNativeTarget section */

/* Begin PBXProject section */
		FACCFC541C98897D00A882E7 /* Project object */ = {
			isa = PBXProject;
			attributes = {
				LastUpgradeCheck = 0720;
				ORGANIZATIONNAME = "Alex Vargas";
				TargetAttributes = {
					FACCFC5B1C98897D00A882E7 = {
						CreatedOnToolsVersion = 7.2;
					};
					FACCFC741C98897D00A882E7 = {
						CreatedOnToolsVersion = 7.2;
						TestTargetID = FACCFC5B1C98897D00A882E7;
					};
				};
			};
			buildConfigurationList = FACCFC571C98897D00A882E7 /* Build configuration list for PBXProject "Wash Post iOS Simulation" */;
			compatibilityVersion = "Xcode 3.2";
			developmentRegion = English;
			hasScannedForEncodings = 0;
			knownRegions = (
				en,
				Base,
			);
			mainGroup = FACCFC531C98897D00A882E7;
			productRefGroup = FACCFC5D1C98897D00A882E7 /* Products */;
			projectDirPath = "";
			projectRoot = "";
			targets = (
				FACCFC5B1C98897D00A882E7 /* Wash Post iOS Simulation */,
				FACCFC741C98897D00A882E7 /* Wash Post iOS SimulationTests */,
			);
		};
/* End PBXProject section */

/* Begin PBXResourcesBuildPhase section */
		FACCFC5A1C98897D00A882E7 /* Resources */ = {
			isa = PBXResourcesBuildPhase;
			buildActionMask = 2147483647;
			files = (
				FACCFC6F1C98897D00A882E7 /* LaunchScreen.storyboard in Resources */,
				FACCFC6C1C98897D00A882E7 /* Assets.xcassets in Resources */,
				FACCFC6A1C98897D00A882E7 /* Main.storyboard in Resources */,
			);
			runOnlyForDeploymentPostprocessing = 0;
		};
		FACCFC731C98897D00A882E7 /* Resources */ = {
			isa = PBXResourcesBuildPhase;
			buildActionMask = 2147483647;
			files = (
			);
			runOnlyForDeploymentPostprocessing = 0;
		};
/* End PBXResourcesBuildPhase section */

/* Begin PBXShellScriptBuildPhase section */
		6DFCB16C0FC901D359470E5B /* Copy Pods Resources */ = {
			isa = PBXShellScriptBuildPhase;
			buildActionMask = 2147483647;
			files = (
			);
			inputPaths = (
			);
			name = "Copy Pods Resources";
			outputPaths = (
			);
			runOnlyForDeploymentPostprocessing = 0;
			shellPath = /bin/sh;
			shellScript = "\"${SRCROOT}/Pods/Target Support Files/Pods/Pods-resources.sh\"\n";
			showEnvVarsInLog = 0;
		};
		D7A76FEC60EAEAB6B5CB11C3 /* Check Pods Manifest.lock */ = {
			isa = PBXShellScriptBuildPhase;
			buildActionMask = 2147483647;
			files = (
			);
			inputPaths = (
			);
			name = "Check Pods Manifest.lock";
			outputPaths = (
			);
			runOnlyForDeploymentPostprocessing = 0;
			shellPath = /bin/sh;
			shellScript = "diff \"${PODS_ROOT}/../Podfile.lock\" \"${PODS_ROOT}/Manifest.lock\" > /dev/null\nif [[ $? != 0 ]] ; then\n    cat << EOM\nerror: The sandbox is not in sync with the Podfile.lock. Run 'pod install' or update your CocoaPods installation.\nEOM\n    exit 1\nfi\n";
			showEnvVarsInLog = 0;
		};
		E2229824006F4594CE145835 /* Embed Pods Frameworks */ = {
			isa = PBXShellScriptBuildPhase;
			buildActionMask = 2147483647;
			files = (
			);
			inputPaths = (
			);
			name = "Embed Pods Frameworks";
			outputPaths = (
			);
			runOnlyForDeploymentPostprocessing = 0;
			shellPath = /bin/sh;
			shellScript = "\"${SRCROOT}/Pods/Target Support Files/Pods/Pods-frameworks.sh\"\n";
			showEnvVarsInLog = 0;
		};
/* End PBXShellScriptBuildPhase section */

/* Begin PBXSourcesBuildPhase section */
		FACCFC581C98897D00A882E7 /* Sources */ = {
			isa = PBXSourcesBuildPhase;
			buildActionMask = 2147483647;
			files = (
				FACCFC641C98897D00A882E7 /* AppDelegate.m in Sources */,
				FACCFC8D1C988EBA00A882E7 /* NSDictionary+SLAdditions.m in Sources */,
				FA5AE5321C98A60100648B3B /* ArticlePostCell.m in Sources */,
				FACCFC971C98982400A882E7 /* ArticlePostFetcher.m in Sources */,
				FACCFC611C98897D00A882E7 /* main.m in Sources */,
				FACCFC891C988C6800A882E7 /* ArticlePost.m in Sources */,
				FACCFC941C9897C000A882E7 /* ArticlePostsTableViewController.m in Sources */,
				FA5AE5371C98AE8900648B3B /* ArticlePostViewController.m in Sources */,
			);
			runOnlyForDeploymentPostprocessing = 0;
		};
		FACCFC711C98897D00A882E7 /* Sources */ = {
			isa = PBXSourcesBuildPhase;
			buildActionMask = 2147483647;
			files = (
				FA5AE52F1C98A01200648B3B /* ArticlePostFetcherTests.m in Sources */,
				FA5AE5341C98ABBE00648B3B /* ArticlePostParsingTests.m in Sources */,
				FACCFC7A1C98897D00A882E7 /* Wash_Post_iOS_SimulationTests.m in Sources */,
			);
			runOnlyForDeploymentPostprocessing = 0;
		};
/* End PBXSourcesBuildPhase section */

/* Begin PBXTargetDependency section */
		FACCFC771C98897D00A882E7 /* PBXTargetDependency */ = {
			isa = PBXTargetDependency;
			target = FACCFC5B1C98897D00A882E7 /* Wash Post iOS Simulation */;
			targetProxy = FACCFC761C98897D00A882E7 /* PBXContainerItemProxy */;
		};
/* End PBXTargetDependency section */

/* Begin PBXVariantGroup section */
		FACCFC681C98897D00A882E7 /* Main.storyboard */ = {
			isa = PBXVariantGroup;
			children = (
				FACCFC691C98897D00A882E7 /* Base */,
			);
			name = Main.storyboard;
			sourceTree = "<group>";
		};
		FACCFC6D1C98897D00A882E7 /* LaunchScreen.storyboard */ = {
			isa = PBXVariantGroup;
			children = (
				FACCFC6E1C98897D00A882E7 /* Base */,
			);
			name = LaunchScreen.storyboard;
			sourceTree = "<group>";
		};
/* End PBXVariantGroup section */

/* Begin XCBuildConfiguration section */
		FACCFC7C1C98897D00A882E7 /* Debug */ = {
			isa = XCBuildConfiguration;
			buildSettings = {
				ALWAYS_SEARCH_USER_PATHS = NO;
				CLANG_CXX_LANGUAGE_STANDARD = "gnu++0x";
				CLANG_CXX_LIBRARY = "libc++";
				CLANG_ENABLE_MODULES = YES;
				CLANG_ENABLE_OBJC_ARC = YES;
				CLANG_WARN_BOOL_CONVERSION = YES;
				CLANG_WARN_CONSTANT_CONVERSION = YES;
				CLANG_WARN_DIRECT_OBJC_ISA_USAGE = YES_ERROR;
				CLANG_WARN_EMPTY_BODY = YES;
				CLANG_WARN_ENUM_CONVERSION = YES;
				CLANG_WARN_INT_CONVERSION = YES;
				CLANG_WARN_OBJC_ROOT_CLASS = YES_ERROR;
				CLANG_WARN_UNREACHABLE_CODE = YES;
				CLANG_WARN__DUPLICATE_METHOD_MATCH = YES;
				"CODE_SIGN_IDENTITY[sdk=iphoneos*]" = "iPhone Developer";
				COPY_PHASE_STRIP = NO;
				DEBUG_INFORMATION_FORMAT = dwarf;
				ENABLE_STRICT_OBJC_MSGSEND = YES;
				ENABLE_TESTABILITY = YES;
				GCC_C_LANGUAGE_STANDARD = gnu99;
				GCC_DYNAMIC_NO_PIC = NO;
				GCC_NO_COMMON_BLOCKS = YES;
				GCC_OPTIMIZATION_LEVEL = 0;
				GCC_PREPROCESSOR_DEFINITIONS = (
					"DEBUG=1",
					"$(inherited)",
				);
				GCC_WARN_64_TO_32_BIT_CONVERSION = YES;
				GCC_WARN_ABOUT_RETURN_TYPE = YES_ERROR;
				GCC_WARN_UNDECLARED_SELECTOR = YES;
				GCC_WARN_UNINITIALIZED_AUTOS = YES_AGGRESSIVE;
				GCC_WARN_UNUSED_FUNCTION = YES;
				GCC_WARN_UNUSED_VARIABLE = YES;
				IPHONEOS_DEPLOYMENT_TARGET = 9.2;
				MTL_ENABLE_DEBUG_INFO = YES;
				ONLY_ACTIVE_ARCH = YES;
				SDKROOT = iphoneos;
				TARGETED_DEVICE_FAMILY = "1,2";
			};
			name = Debug;
		};
		FACCFC7D1C98897D00A882E7 /* Release */ = {
			isa = XCBuildConfiguration;
			buildSettings = {
				ALWAYS_SEARCH_USER_PATHS = NO;
				CLANG_CXX_LANGUAGE_STANDARD = "gnu++0x";
				CLANG_CXX_LIBRARY = "libc++";
				CLANG_ENABLE_MODULES = YES;
				CLANG_ENABLE_OBJC_ARC = YES;
				CLANG_WARN_BOOL_CONVERSION = YES;
				CLANG_WARN_CONSTANT_CONVERSION = YES;
				CLANG_WARN_DIRECT_OBJC_ISA_USAGE = YES_ERROR;
				CLANG_WARN_EMPTY_BODY = YES;
				CLANG_WARN_ENUM_CONVERSION = YES;
				CLANG_WARN_INT_CONVERSION = YES;
				CLANG_WARN_OBJC_ROOT_CLASS = YES_ERROR;
				CLANG_WARN_UNREACHABLE_CODE = YES;
				CLANG_WARN__DUPLICATE_METHOD_MATCH = YES;
				"CODE_SIGN_IDENTITY[sdk=iphoneos*]" = "iPhone Developer";
				COPY_PHASE_STRIP = NO;
				DEBUG_INFORMATION_FORMAT = "dwarf-with-dsym";
				ENABLE_NS_ASSERTIONS = NO;
				ENABLE_STRICT_OBJC_MSGSEND = YES;
				GCC_C_LANGUAGE_STANDARD = gnu99;
				GCC_NO_COMMON_BLOCKS = YES;
				GCC_WARN_64_TO_32_BIT_CONVERSION = YES;
				GCC_WARN_ABOUT_RETURN_TYPE = YES_ERROR;
				GCC_WARN_UNDECLARED_SELECTOR = YES;
				GCC_WARN_UNINITIALIZED_AUTOS = YES_AGGRESSIVE;
				GCC_WARN_UNUSED_FUNCTION = YES;
				GCC_WARN_UNUSED_VARIABLE = YES;
				IPHONEOS_DEPLOYMENT_TARGET = 9.2;
				MTL_ENABLE_DEBUG_INFO = NO;
				SDKROOT = iphoneos;
				TARGETED_DEVICE_FAMILY = "1,2";
				VALIDATE_PRODUCT = YES;
			};
			name = Release;
		};
		FACCFC7F1C98897D00A882E7 /* Debug */ = {
			isa = XCBuildConfiguration;
			baseConfigurationReference = C030503CB583BF894CF4C94C /* Pods.debug.xcconfig */;
			buildSettings = {
				ASSETCATALOG_COMPILER_APPICON_NAME = AppIcon;
				INFOPLIST_FILE = "Wash Post iOS Simulation/Info.plist";
				LD_RUNPATH_SEARCH_PATHS = "$(inherited) @executable_path/Frameworks";
				PRODUCT_BUNDLE_IDENTIFIER = "com.alejandrovargas.Wash-Post-iOS-Simulation";
				PRODUCT_NAME = "$(TARGET_NAME)";
			};
			name = Debug;
		};
		FACCFC801C98897D00A882E7 /* Release */ = {
			isa = XCBuildConfiguration;
			baseConfigurationReference = 1C19DFF3A64FAAB7D79F57A9 /* Pods.release.xcconfig */;
			buildSettings = {
				ASSETCATALOG_COMPILER_APPICON_NAME = AppIcon;
				INFOPLIST_FILE = "Wash Post iOS Simulation/Info.plist";
				LD_RUNPATH_SEARCH_PATHS = "$(inherited) @executable_path/Frameworks";
				PRODUCT_BUNDLE_IDENTIFIER = "com.alejandrovargas.Wash-Post-iOS-Simulation";
				PRODUCT_NAME = "$(TARGET_NAME)";
			};
			name = Release;
		};
		FACCFC821C98897D00A882E7 /* Debug */ = {
			isa = XCBuildConfiguration;
			buildSettings = {
				BUNDLE_LOADER = "$(TEST_HOST)";
				INFOPLIST_FILE = "Wash Post iOS SimulationTests/Info.plist";
				LD_RUNPATH_SEARCH_PATHS = "$(inherited) @executable_path/Frameworks @loader_path/Frameworks";
				PRODUCT_BUNDLE_IDENTIFIER = "com.bigsauce.Wash-Post-iOS-SimulationTests";
				PRODUCT_NAME = "$(TARGET_NAME)";
				TEST_HOST = "$(BUILT_PRODUCTS_DIR)/Wash Post iOS Simulation.app/Wash Post iOS Simulation";
			};
			name = Debug;
		};
		FACCFC831C98897D00A882E7 /* Release */ = {
			isa = XCBuildConfiguration;
			buildSettings = {
				BUNDLE_LOADER = "$(TEST_HOST)";
				INFOPLIST_FILE = "Wash Post iOS SimulationTests/Info.plist";
				LD_RUNPATH_SEARCH_PATHS = "$(inherited) @executable_path/Frameworks @loader_path/Frameworks";
				PRODUCT_BUNDLE_IDENTIFIER = "com.bigsauce.Wash-Post-iOS-SimulationTests";
				PRODUCT_NAME = "$(TARGET_NAME)";
				TEST_HOST = "$(BUILT_PRODUCTS_DIR)/Wash Post iOS Simulation.app/Wash Post iOS Simulation";
			};
			name = Release;
		};
/* End XCBuildConfiguration section */

/* Begin XCConfigurationList section */
		FACCFC571C98897D00A882E7 /* Build configuration list for PBXProject "Wash Post iOS Simulation" */ = {
			isa = XCConfigurationList;
			buildConfigurations = (
				FACCFC7C1C98897D00A882E7 /* Debug */,
				FACCFC7D1C98897D00A882E7 /* Release */,
			);
			defaultConfigurationIsVisible = 0;
			defaultConfigurationName = Release;
		};
		FACCFC7E1C98897D00A882E7 /* Build configuration list for PBXNativeTarget "Wash Post iOS Simulation" */ = {
			isa = XCConfigurationList;
			buildConfigurations = (
				FACCFC7F1C98897D00A882E7 /* Debug */,
				FACCFC801C98897D00A882E7 /* Release */,
			);
			defaultConfigurationIsVisible = 0;
			defaultConfigurationName = Release;
		};
		FACCFC811C98897D00A882E7 /* Build configuration list for PBXNativeTarget "Wash Post iOS SimulationTests" */ = {
			isa = XCConfigurationList;
			buildConfigurations = (
				FACCFC821C98897D00A882E7 /* Debug */,
				FACCFC831C98897D00A882E7 /* Release */,
			);
			defaultConfigurationIsVisible = 0;
			defaultConfigurationName = Release;
		};
/* End XCConfigurationList section */
	};
	rootObject = FACCFC541C98897D00A882E7 /* Project object */;
}
